
Microsoft Visual Studio Solution File, Format Version 12.00
# Visual Studio Version 16
VisualStudioVersion = 16.0.29806.167
MinimumVisualStudioVersion = 10.0.40219.1
Project("{8BC9CEB8-8B4A-11D0-8D11-00A0C91BC942}") = "RTRTGIVR", "RTRTGIVR\RTRTGIVR.vcxproj", "{4CFA8D26-0953-450C-B3CE-DC8FB0F2C9E7}"
EndProject
Project("{8BC9CEB8-8B4A-11D0-8D11-00A0C91BC942}") = "Crossfire", "Crossfire\Crossfire.vcxproj", "{CA4AB333-669A-4EA4-A607-347A6CA9069E}"
EndProject
Project("{8BC9CEB8-8B4A-11D0-8D11-00A0C91BC942}") = "Final", "Final\Final.vcxproj", "{1C7BDC40-3A7E-499D-B451-F49DA58E24CD}"
EndProject
Project("{8BC9CEB8-8B4A-11D0-8D11-00A0C91BC942}") = "FinalRoom", "FinalRoom\FinalRoom.vcxproj", "{3D7A6C28-B06A-43A6-8C3B-3DF7E53366EC}"
EndProject
Global
	GlobalSection(SolutionConfigurationPlatforms) = preSolution
		Debug|x64 = Debug|x64
		Release|x64 = Release|x64
	EndGlobalSection
	GlobalSection(ProjectConfigurationPlatforms) = postSolution
		{4CFA8D26-0953-450C-B3CE-DC8FB0F2C9E7}.Debug|x64.ActiveCfg = Debug|x64
		{4CFA8D26-0953-450C-B3CE-DC8FB0F2C9E7}.Debug|x64.Build.0 = Debug|x64
		{4CFA8D26-0953-450C-B3CE-DC8FB0F2C9E7}.Release|x64.ActiveCfg = Release|x64
		{4CFA8D26-0953-450C-B3CE-DC8FB0F2C9E7}.Release|x64.Build.0 = Release|x64
		{CA4AB333-669A-4EA4-A607-347A6CA9069E}.Debug|x64.ActiveCfg = Debug|x64
		{CA4AB333-669A-4EA4-A607-347A6CA9069E}.Debug|x64.Build.0 = Debug|x64
		{CA4AB333-669A-4EA4-A607-347A6CA9069E}.Release|x64.ActiveCfg = Release|x64
		{CA4AB333-669A-4EA4-A607-347A6CA9069E}.Release|x64.Build.0 = Release|x64
		{1C7BDC40-3A7E-499D-B451-F49DA58E24CD}.Debug|x64.ActiveCfg = Debug|x64
		{1C7BDC40-3A7E-499D-B451-F49DA58E24CD}.Debug|x64.Build.0 = Debug|x64
		{1C7BDC40-3A7E-499D-B451-F49DA58E24CD}.Release|x64.ActiveCfg = Release|x64
		{1C7BDC40-3A7E-499D-B451-F49DA58E24CD}.Release|x64.Build.0 = Release|x64
		{3D7A6C28-B06A-43A6-8C3B-3DF7E53366EC}.Debug|x64.ActiveCfg = Debug|x64
		{3D7A6C28-B06A-43A6-8C3B-3DF7E53366EC}.Debug|x64.Build.0 = Debug|x64
		{3D7A6C28-B06A-43A6-8C3B-3DF7E53366EC}.Release|x64.ActiveCfg = Release|x64
		{3D7A6C28-B06A-43A6-8C3B-3DF7E53366EC}.Release|x64.Build.0 = Release|x64
	EndGlobalSection
	GlobalSection(SolutionProperties) = preSolution
		HideSolutionNode = FALSE
	EndGlobalSection
	GlobalSection(ExtensibilityGlobals) = postSolution
		SolutionGuid = {89591E98-DA7E-405D-8476-35AC6751B204}
	EndGlobalSection
EndGlobal
